
Microsoft Visual Studio Solution File, Format Version 12.00
# Visual Studio Version 17
VisualStudioVersion = 17.13.35825.156 d17.13
MinimumVisualStudioVersion = 10.0.40219.1
Project("{FAE04EC0-301F-11D3-BF4B-00C04F79EFBC}") = "ClientQuickAccess", "RemoteAccessClient\ClientQuickAccess.csproj", "{0400E8F2-4663-4E39-B092-079F46C13513}"
EndProject
Global
	GlobalSection(SolutionConfigurationPlatforms) = preSolution
		Debug|Any CPU = Debug|Any CPU
		Release|Any CPU = Release|Any CPU
	EndGlobalSection
	GlobalSection(ProjectConfigurationPlatforms) = postSolution
		{0400E8F2-4663-4E39-B092-079F46C13513}.Debug|Any CPU.ActiveCfg = Debug|Any CPU
		{0400E8F2-4663-4E39-B092-079F46C13513}.Debug|Any CPU.Build.0 = Debug|Any CPU
		{0400E8F2-4663-4E39-B092-079F46C13513}.Release|Any CPU.ActiveCfg = Release|Any CPU
		{0400E8F2-4663-4E39-B092-079F46C13513}.Release|Any CPU.Build.0 = Release|Any CPU
	EndGlobalSection
	GlobalSection(SolutionProperties) = preSolution
		HideSolutionNode = FALSE
	EndGlobalSection
	GlobalSection(ExtensibilityGlobals) = postSolution
		SolutionGuid = {452784EB-D939-47EC-B909-52F0E2A7C1C7}
	EndGlobalSection
EndGlobal
